// !$*UTF8*$!
{
	archiveVersion = 1;
	classes = {
	};
	objectVersion = 51;
	objects = {

/* Begin PBXBuildFile section */
		6F40F2197B9E4BDE2411A46F /* Pods_Breaking_Bad_character_explorer.framework in Frameworks */ = {isa = PBXBuildFile; fileRef = 633ACA53D5FE321407F353B0 /* Pods_Breaking_Bad_character_explorer.framework */; };
		A55A72AC2507CC570043F9DD /* CharacterCell.swift in Sources */ = {isa = PBXBuildFile; fileRef = A55A72AB2507CC570043F9DD /* CharacterCell.swift */; };
		A55A72AE2507D4EC0043F9DD /* CharacterDetail.swift in Sources */ = {isa = PBXBuildFile; fileRef = A55A72AD2507D4EC0043F9DD /* CharacterDetail.swift */; };
		A55A72B12507E96C0043F9DD /* Extensions.swift in Sources */ = {isa = PBXBuildFile; fileRef = A55A72B02507E96C0043F9DD /* Extensions.swift */; };
		A55A72B32507F4AD0043F9DD /* FiltersView.swift in Sources */ = {isa = PBXBuildFile; fileRef = A55A72B22507F4AD0043F9DD /* FiltersView.swift */; };
		A5D40C2F25078712009B728E /* AppDelegate.swift in Sources */ = {isa = PBXBuildFile; fileRef = A5D40C2E25078712009B728E /* AppDelegate.swift */; };
		A5D40C3125078712009B728E /* SceneDelegate.swift in Sources */ = {isa = PBXBuildFile; fileRef = A5D40C3025078712009B728E /* SceneDelegate.swift */; };
		A5D40C3325078712009B728E /* CharacterList.swift in Sources */ = {isa = PBXBuildFile; fileRef = A5D40C3225078712009B728E /* CharacterList.swift */; };
		A5D40C3525078713009B728E /* Assets.xcassets in Resources */ = {isa = PBXBuildFile; fileRef = A5D40C3425078713009B728E /* Assets.xcassets */; };
		A5D40C3825078713009B728E /* Preview Assets.xcassets in Resources */ = {isa = PBXBuildFile; fileRef = A5D40C3725078713009B728E /* Preview Assets.xcassets */; };
		A5D40C3B25078713009B728E /* LaunchScreen.storyboard in Resources */ = {isa = PBXBuildFile; fileRef = A5D40C3925078713009B728E /* LaunchScreen.storyboard */; };
		A5D40C4425078873009B728E /* CharacterListViewModel.swift in Sources */ = {isa = PBXBuildFile; fileRef = A5D40C4325078873009B728E /* CharacterListViewModel.swift */; };
		A5D40C46250788A7009B728E /* CharacterViewModel.swift in Sources */ = {isa = PBXBuildFile; fileRef = A5D40C45250788A7009B728E /* CharacterViewModel.swift */; };
		A5D40C48250788CD009B728E /* Character.swift in Sources */ = {isa = PBXBuildFile; fileRef = A5D40C47250788CD009B728E /* Character.swift */; };
		A5D40C4A25078C22009B728E /* CharacterService.swift in Sources */ = {isa = PBXBuildFile; fileRef = A5D40C4925078C22009B728E /* CharacterService.swift */; };
/* End PBXBuildFile section */

/* Begin PBXFileReference section */
		3A093A288818DFEA0C90FD23 /* Pods-Breaking-Bad-character-explorer.release.xcconfig */ = {isa = PBXFileReference; includeInIndex = 1; lastKnownFileType = text.xcconfig; name = "Pods-Breaking-Bad-character-explorer.release.xcconfig"; path = "Target Support Files/Pods-Breaking-Bad-character-explorer/Pods-Breaking-Bad-character-explorer.release.xcconfig"; sourceTree = "<group>"; };
		40B0BA0A8437CBEE374A7084 /* Pods-Breaking-Bad-character-explorer.debug.xcconfig */ = {isa = PBXFileReference; includeInIndex = 1; lastKnownFileType = text.xcconfig; name = "Pods-Breaking-Bad-character-explorer.debug.xcconfig"; path = "Target Support Files/Pods-Breaking-Bad-character-explorer/Pods-Breaking-Bad-character-explorer.debug.xcconfig"; sourceTree = "<group>"; };
		633ACA53D5FE321407F353B0 /* Pods_Breaking_Bad_character_explorer.framework */ = {isa = PBXFileReference; explicitFileType = wrapper.framework; includeInIndex = 0; path = Pods_Breaking_Bad_character_explorer.framework; sourceTree = BUILT_PRODUCTS_DIR; };
		A55A72AB2507CC570043F9DD /* CharacterCell.swift */ = {isa = PBXFileReference; lastKnownFileType = sourcecode.swift; path = CharacterCell.swift; sourceTree = "<group>"; };
		A55A72AD2507D4EC0043F9DD /* CharacterDetail.swift */ = {isa = PBXFileReference; lastKnownFileType = sourcecode.swift; path = CharacterDetail.swift; sourceTree = "<group>"; };
		A55A72B02507E96C0043F9DD /* Extensions.swift */ = {isa = PBXFileReference; lastKnownFileType = sourcecode.swift; path = Extensions.swift; sourceTree = "<group>"; };
		A55A72B22507F4AD0043F9DD /* FiltersView.swift */ = {isa = PBXFileReference; lastKnownFileType = sourcecode.swift; path = FiltersView.swift; sourceTree = "<group>"; };
		A5D40C2B25078712009B728E /* Breaking-Bad-character-explorer.app */ = {isa = PBXFileReference; explicitFileType = wrapper.application; includeInIndex = 0; path = "Breaking-Bad-character-explorer.app"; sourceTree = BUILT_PRODUCTS_DIR; };
		A5D40C2E25078712009B728E /* AppDelegate.swift */ = {isa = PBXFileReference; lastKnownFileType = sourcecode.swift; path = AppDelegate.swift; sourceTree = "<group>"; };
		A5D40C3025078712009B728E /* SceneDelegate.swift */ = {isa = PBXFileReference; lastKnownFileType = sourcecode.swift; path = SceneDelegate.swift; sourceTree = "<group>"; };
		A5D40C3225078712009B728E /* CharacterList.swift */ = {isa = PBXFileReference; lastKnownFileType = sourcecode.swift; path = CharacterList.swift; sourceTree = "<group>"; };
		A5D40C3425078713009B728E /* Assets.xcassets */ = {isa = PBXFileReference; lastKnownFileType = folder.assetcatalog; path = Assets.xcassets; sourceTree = "<group>"; };
		A5D40C3725078713009B728E /* Preview Assets.xcassets */ = {isa = PBXFileReference; lastKnownFileType = folder.assetcatalog; path = "Preview Assets.xcassets"; sourceTree = "<group>"; };
		A5D40C3A25078713009B728E /* Base */ = {isa = PBXFileReference; lastKnownFileType = file.storyboard; name = Base; path = Base.lproj/LaunchScreen.storyboard; sourceTree = "<group>"; };
		A5D40C3C25078713009B728E /* Info.plist */ = {isa = PBXFileReference; lastKnownFileType = text.plist.xml; path = Info.plist; sourceTree = "<group>"; };
		A5D40C4325078873009B728E /* CharacterListViewModel.swift */ = {isa = PBXFileReference; lastKnownFileType = sourcecode.swift; path = CharacterListViewModel.swift; sourceTree = "<group>"; };
		A5D40C45250788A7009B728E /* CharacterViewModel.swift */ = {isa = PBXFileReference; lastKnownFileType = sourcecode.swift; path = CharacterViewModel.swift; sourceTree = "<group>"; };
		A5D40C47250788CD009B728E /* Character.swift */ = {isa = PBXFileReference; lastKnownFileType = sourcecode.swift; path = Character.swift; sourceTree = "<group>"; };
		A5D40C4925078C22009B728E /* CharacterService.swift */ = {isa = PBXFileReference; lastKnownFileType = sourcecode.swift; path = CharacterService.swift; sourceTree = "<group>"; };
/* End PBXFileReference section */

/* Begin PBXFrameworksBuildPhase section */
		A5D40C2825078712009B728E /* Frameworks */ = {
			isa = PBXFrameworksBuildPhase;
			buildActionMask = 2147483647;
			files = (
				6F40F2197B9E4BDE2411A46F /* Pods_Breaking_Bad_character_explorer.framework in Frameworks */,
			);
			runOnlyForDeploymentPostprocessing = 0;
		};
/* End PBXFrameworksBuildPhase section */

/* Begin PBXGroup section */
		4BB265846B5A97D6E40C8BC9 /* Pods */ = {
			isa = PBXGroup;
			children = (
				40B0BA0A8437CBEE374A7084 /* Pods-Breaking-Bad-character-explorer.debug.xcconfig */,
				3A093A288818DFEA0C90FD23 /* Pods-Breaking-Bad-character-explorer.release.xcconfig */,
			);
			path = Pods;
			sourceTree = "<group>";
		};
		5FED0E6813637C1DD8FFC8B8 /* Frameworks */ = {
			isa = PBXGroup;
			children = (
				633ACA53D5FE321407F353B0 /* Pods_Breaking_Bad_character_explorer.framework */,
			);
			name = Frameworks;
			sourceTree = "<group>";
		};
		A55A72AF2507E94A0043F9DD /* Extensions */ = {
			isa = PBXGroup;
			children = (
				A55A72B02507E96C0043F9DD /* Extensions.swift */,
			);
			path = Extensions;
			sourceTree = "<group>";
		};
		A5D40C2225078712009B728E = {
			isa = PBXGroup;
			children = (
				A5D40C2D25078712009B728E /* Breaking-Bad-character-explorer */,
				A5D40C2C25078712009B728E /* Products */,
				4BB265846B5A97D6E40C8BC9 /* Pods */,
				5FED0E6813637C1DD8FFC8B8 /* Frameworks */,
			);
			sourceTree = "<group>";
		};
		A5D40C2C25078712009B728E /* Products */ = {
			isa = PBXGroup;
			children = (
				A5D40C2B25078712009B728E /* Breaking-Bad-character-explorer.app */,
			);
			name = Products;
			sourceTree = "<group>";
		};
		A5D40C2D25078712009B728E /* Breaking-Bad-character-explorer */ = {
			isa = PBXGroup;
			children = (
				A55A72AF2507E94A0043F9DD /* Extensions */,
				A5D40C502507959F009B728E /* UI */,
				A5D40C4B25078C60009B728E /* Networking */,
				A5D40C4225078855009B728E /* Model */,
				A5D40C2E25078712009B728E /* AppDelegate.swift */,
				A5D40C3025078712009B728E /* SceneDelegate.swift */,
				A5D40C3225078712009B728E /* CharacterList.swift */,
				A5D40C3425078713009B728E /* Assets.xcassets */,
				A5D40C3925078713009B728E /* LaunchScreen.storyboard */,
				A5D40C3C25078713009B728E /* Info.plist */,
				A5D40C3625078713009B728E /* Preview Content */,
			);
			path = "Breaking-Bad-character-explorer";
			sourceTree = "<group>";
		};
		A5D40C3625078713009B728E /* Preview Content */ = {
			isa = PBXGroup;
			children = (
				A5D40C3725078713009B728E /* Preview Assets.xcassets */,
			);
			path = "Preview Content";
			sourceTree = "<group>";
		};
		A5D40C4225078855009B728E /* Model */ = {
			isa = PBXGroup;
			children = (
				A5D40C4325078873009B728E /* CharacterListViewModel.swift */,
				A5D40C45250788A7009B728E /* CharacterViewModel.swift */,
				A5D40C47250788CD009B728E /* Character.swift */,
			);
			path = Model;
			sourceTree = "<group>";
		};
		A5D40C4B25078C60009B728E /* Networking */ = {
			isa = PBXGroup;
			children = (
				A5D40C4925078C22009B728E /* CharacterService.swift */,
			);
			path = Networking;
			sourceTree = "<group>";
		};
		A5D40C502507959F009B728E /* UI */ = {
			isa = PBXGroup;
			children = (
				A55A72AB2507CC570043F9DD /* CharacterCell.swift */,
				A55A72AD2507D4EC0043F9DD /* CharacterDetail.swift */,
				A55A72B22507F4AD0043F9DD /* FiltersView.swift */,
			);
			path = UI;
			sourceTree = "<group>";
		};
/* End PBXGroup section */

/* Begin PBXNativeTarget section */
		A5D40C2A25078712009B728E /* Breaking-Bad-character-explorer */ = {
			isa = PBXNativeTarget;
			buildConfigurationList = A5D40C3F25078713009B728E /* Build configuration list for PBXNativeTarget "Breaking-Bad-character-explorer" */;
			buildPhases = (
				1FDBE4C9C4FB22F92BF84E76 /* [CP] Check Pods Manifest.lock */,
				A5D40C2725078712009B728E /* Sources */,
				A5D40C2825078712009B728E /* Frameworks */,
				A5D40C2925078712009B728E /* Resources */,
				8EE3CB0F1505AA02156B679F /* [CP] Embed Pods Frameworks */,
			);
			buildRules = (
			);
			dependencies = (
			);
			name = "Breaking-Bad-character-explorer";
			productName = "Breaking-Bad-character-explorer";
			productReference = A5D40C2B25078712009B728E /* Breaking-Bad-character-explorer.app */;
			productType = "com.apple.product-type.application";
		};
/* End PBXNativeTarget section */

/* Begin PBXProject section */
		A5D40C2325078712009B728E /* Project object */ = {
			isa = PBXProject;
			attributes = {
				LastSwiftUpdateCheck = 1150;
				LastUpgradeCheck = 1150;
				ORGANIZATIONNAME = Andrea;
				TargetAttributes = {
					A5D40C2A25078712009B728E = {
						CreatedOnToolsVersion = 11.5;
					};
				};
			};
			buildConfigurationList = A5D40C2625078712009B728E /* Build configuration list for PBXProject "Breaking-Bad-character-explorer" */;
			compatibilityVersion = "Xcode 9.3";
			developmentRegion = en;
			hasScannedForEncodings = 0;
			knownRegions = (
				en,
				Base,
			);
			mainGroup = A5D40C2225078712009B728E;
			productRefGroup = A5D40C2C25078712009B728E /* Products */;
			projectDirPath = "";
			projectRoot = "";
			targets = (
				A5D40C2A25078712009B728E /* Breaking-Bad-character-explorer */,
			);
		};
/* End PBXProject section */

/* Begin PBXResourcesBuildPhase section */
		A5D40C2925078712009B728E /* Resources */ = {
			isa = PBXResourcesBuildPhase;
			buildActionMask = 2147483647;
			files = (
				A5D40C3B25078713009B728E /* LaunchScreen.storyboard in Resources */,
				A5D40C3825078713009B728E /* Preview Assets.xcassets in Resources */,
				A5D40C3525078713009B728E /* Assets.xcassets in Resources */,
			);
			runOnlyForDeploymentPostprocessing = 0;
		};
/* End PBXResourcesBuildPhase section */

/* Begin PBXShellScriptBuildPhase section */
		1FDBE4C9C4FB22F92BF84E76 /* [CP] Check Pods Manifest.lock */ = {
			isa = PBXShellScriptBuildPhase;
			buildActionMask = 2147483647;
			files = (
			);
			inputFileListPaths = (
			);
			inputPaths = (
				"${PODS_PODFILE_DIR_PATH}/Podfile.lock",
				"${PODS_ROOT}/Manifest.lock",
			);
			name = "[CP] Check Pods Manifest.lock";
			outputFileListPaths = (
			);
			outputPaths = (
				"$(DERIVED_FILE_DIR)/Pods-Breaking-Bad-character-explorer-checkManifestLockResult.txt",
			);
			runOnlyForDeploymentPostprocessing = 0;
			shellPath = /bin/sh;
			shellScript = "diff \"${PODS_PODFILE_DIR_PATH}/Podfile.lock\" \"${PODS_ROOT}/Manifest.lock\" > /dev/null\nif [ $? != 0 ] ; then\n    # print error to STDERR\n    echo \"error: The sandbox is not in sync with the Podfile.lock. Run 'pod install' or update your CocoaPods installation.\" >&2\n    exit 1\nfi\n# This output is used by Xcode 'outputs' to avoid re-running this script phase.\necho \"SUCCESS\" > \"${SCRIPT_OUTPUT_FILE_0}\"\n";
			showEnvVarsInLog = 0;
		};
		8EE3CB0F1505AA02156B679F /* [CP] Embed Pods Frameworks */ = {
			isa = PBXShellScriptBuildPhase;
			buildActionMask = 2147483647;
			files = (
			);
			inputFileListPaths = (
				"${PODS_ROOT}/Target Support Files/Pods-Breaking-Bad-character-explorer/Pods-Breaking-Bad-character-explorer-frameworks-${CONFIGURATION}-input-files.xcfilelist",
			);
			name = "[CP] Embed Pods Frameworks";
			outputFileListPaths = (
				"${PODS_ROOT}/Target Support Files/Pods-Breaking-Bad-character-explorer/Pods-Breaking-Bad-character-explorer-frameworks-${CONFIGURATION}-output-files.xcfilelist",
			);
			runOnlyForDeploymentPostprocessing = 0;
			shellPath = /bin/sh;
			shellScript = "\"${PODS_ROOT}/Target Support Files/Pods-Breaking-Bad-character-explorer/Pods-Breaking-Bad-character-explorer-frameworks.sh\"\n";
			showEnvVarsInLog = 0;
		};
/* End PBXShellScriptBuildPhase section */

/* Begin PBXSourcesBuildPhase section */
		A5D40C2725078712009B728E /* Sources */ = {
			isa = PBXSourcesBuildPhase;
			buildActionMask = 2147483647;
			files = (
				A55A72AE2507D4EC0043F9DD /* CharacterDetail.swift in Sources */,
				A5D40C4425078873009B728E /* CharacterListViewModel.swift in Sources */,
				A5D40C46250788A7009B728E /* CharacterViewModel.swift in Sources */,
				A5D40C4A25078C22009B728E /* CharacterService.swift in Sources */,
				A55A72B32507F4AD0043F9DD /* FiltersView.swift in Sources */,
				A55A72AC2507CC570043F9DD /* CharacterCell.swift in Sources */,
				A55A72B12507E96C0043F9DD /* Extensions.swift in Sources */,
				A5D40C2F25078712009B728E /* AppDelegate.swift in Sources */,
				A5D40C48250788CD009B728E /* Character.swift in Sources */,
				A5D40C3125078712009B728E /* SceneDelegate.swift in Sources */,
				A5D40C3325078712009B728E /* CharacterList.swift in Sources */,
			);
			runOnlyForDeploymentPostprocessing = 0;
		};
/* End PBXSourcesBuildPhase section */

/* Begin PBXVariantGroup section */
		A5D40C3925078713009B728E /* LaunchScreen.storyboard */ = {
			isa = PBXVariantGroup;
			children = (
				A5D40C3A25078713009B728E /* Base */,
			);
			name = LaunchScreen.storyboard;
			sourceTree = "<group>";
		};
/* End PBXVariantGroup section */

/* Begin XCBuildConfiguration section */
		A5D40C3D25078713009B728E /* Debug */ = {
			isa = XCBuildConfiguration;
			buildSettings = {
				ALWAYS_SEARCH_USER_PATHS = NO;
				CLANG_ANALYZER_NONNULL = YES;
				CLANG_ANALYZER_NUMBER_OBJECT_CONVERSION = YES_AGGRESSIVE;
				CLANG_CXX_LANGUAGE_STANDARD = "gnu++14";
				CLANG_CXX_LIBRARY = "libc++";
				CLANG_ENABLE_MODULES = YES;
				CLANG_ENABLE_OBJC_ARC = YES;
				CLANG_ENABLE_OBJC_WEAK = YES;
				CLANG_WARN_BLOCK_CAPTURE_AUTORELEASING = YES;
				CLANG_WARN_BOOL_CONVERSION = YES;
				CLANG_WARN_COMMA = YES;
				CLANG_WARN_CONSTANT_CONVERSION = YES;
				CLANG_WARN_DEPRECATED_OBJC_IMPLEMENTATIONS = YES;
				CLANG_WARN_DIRECT_OBJC_ISA_USAGE = YES_ERROR;
				CLANG_WARN_DOCUMENTATION_COMMENTS = YES;
				CLANG_WARN_EMPTY_BODY = YES;
				CLANG_WARN_ENUM_CONVERSION = YES;
				CLANG_WARN_INFINITE_RECURSION = YES;
				CLANG_WARN_INT_CONVERSION = YES;
				CLANG_WARN_NON_LITERAL_NULL_CONVERSION = YES;
				CLANG_WARN_OBJC_IMPLICIT_RETAIN_SELF = YES;
				CLANG_WARN_OBJC_LITERAL_CONVERSION = YES;
				CLANG_WARN_OBJC_ROOT_CLASS = YES_ERROR;
				CLANG_WARN_RANGE_LOOP_ANALYSIS = YES;
				CLANG_WARN_STRICT_PROTOTYPES = YES;
				CLANG_WARN_SUSPICIOUS_MOVE = YES;
				CLANG_WARN_UNGUARDED_AVAILABILITY = YES_AGGRESSIVE;
				CLANG_WARN_UNREACHABLE_CODE = YES;
				CLANG_WARN__DUPLICATE_METHOD_MATCH = YES;
				COPY_PHASE_STRIP = NO;
				DEBUG_INFORMATION_FORMAT = dwarf;
				ENABLE_STRICT_OBJC_MSGSEND = YES;
				ENABLE_TESTABILITY = YES;
				GCC_C_LANGUAGE_STANDARD = gnu11;
				GCC_DYNAMIC_NO_PIC = NO;
				GCC_NO_COMMON_BLOCKS = YES;
				GCC_OPTIMIZATION_LEVEL = 0;
				GCC_PREPROCESSOR_DEFINITIONS = (
					"DEBUG=1",
					"$(inherited)",
				);
				GCC_WARN_64_TO_32_BIT_CONVERSION = YES;
				GCC_WARN_ABOUT_RETURN_TYPE = YES_ERROR;
				GCC_WARN_UNDECLARED_SELECTOR = YES;
				GCC_WARN_UNINITIALIZED_AUTOS = YES_AGGRESSIVE;
				GCC_WARN_UNUSED_FUNCTION = YES;
				GCC_WARN_UNUSED_VARIABLE = YES;
				IPHONEOS_DEPLOYMENT_TARGET = 13.5;
				MTL_ENABLE_DEBUG_INFO = INCLUDE_SOURCE;
				MTL_FAST_MATH = YES;
				ONLY_ACTIVE_ARCH = YES;
				SDKROOT = iphoneos;
				SWIFT_ACTIVE_COMPILATION_CONDITIONS = DEBUG;
				SWIFT_OPTIMIZATION_LEVEL = "-Onone";
			};
			name = Debug;
		};
		A5D40C3E25078713009B728E /* Release */ = {
			isa = XCBuildConfiguration;
			buildSettings = {
				ALWAYS_SEARCH_USER_PATHS = NO;
				CLANG_ANALYZER_NONNULL = YES;
				CLANG_ANALYZER_NUMBER_OBJECT_CONVERSION = YES_AGGRESSIVE;
				CLANG_CXX_LANGUAGE_STANDARD = "gnu++14";
				CLANG_CXX_LIBRARY = "libc++";
				CLANG_ENABLE_MODULES = YES;
				CLANG_ENABLE_OBJC_ARC = YES;
				CLANG_ENABLE_OBJC_WEAK = YES;
				CLANG_WARN_BLOCK_CAPTURE_AUTORELEASING = YES;
				CLANG_WARN_BOOL_CONVERSION = YES;
				CLANG_WARN_COMMA = YES;
				CLANG_WARN_CONSTANT_CONVERSION = YES;
				CLANG_WARN_DEPRECATED_OBJC_IMPLEMENTATIONS = YES;
				CLANG_WARN_DIRECT_OBJC_ISA_USAGE = YES_ERROR;
				CLANG_WARN_DOCUMENTATION_COMMENTS = YES;
				CLANG_WARN_EMPTY_BODY = YES;
				CLANG_WARN_ENUM_CONVERSION = YES;
				CLANG_WARN_INFINITE_RECURSION = YES;
				CLANG_WARN_INT_CONVERSION = YES;
				CLANG_WARN_NON_LITERAL_NULL_CONVERSION = YES;
				CLANG_WARN_OBJC_IMPLICIT_RETAIN_SELF = YES;
				CLANG_WARN_OBJC_LITERAL_CONVERSION = YES;
				CLANG_WARN_OBJC_ROOT_CLASS = YES_ERROR;
				CLANG_WARN_RANGE_LOOP_ANALYSIS = YES;
				CLANG_WARN_STRICT_PROTOTYPES = YES;
				CLANG_WARN_SUSPICIOUS_MOVE = YES;
				CLANG_WARN_UNGUARDED_AVAILABILITY = YES_AGGRESSIVE;
				CLANG_WARN_UNREACHABLE_CODE = YES;
				CLANG_WARN__DUPLICATE_METHOD_MATCH = YES;
				COPY_PHASE_STRIP = NO;
				DEBUG_INFORMATION_FORMAT = "dwarf-with-dsym";
				ENABLE_NS_ASSERTIONS = NO;
				ENABLE_STRICT_OBJC_MSGSEND = YES;
				GCC_C_LANGUAGE_STANDARD = gnu11;
				GCC_NO_COMMON_BLOCKS = YES;
				GCC_WARN_64_TO_32_BIT_CONVERSION = YES;
				GCC_WARN_ABOUT_RETURN_TYPE = YES_ERROR;
				GCC_WARN_UNDECLARED_SELECTOR = YES;
				GCC_WARN_UNINITIALIZED_AUTOS = YES_AGGRESSIVE;
				GCC_WARN_UNUSED_FUNCTION = YES;
				GCC_WARN_UNUSED_VARIABLE = YES;
				IPHONEOS_DEPLOYMENT_TARGET = 13.5;
				MTL_ENABLE_DEBUG_INFO = NO;
				MTL_FAST_MATH = YES;
				SDKROOT = iphoneos;
				SWIFT_COMPILATION_MODE = wholemodule;
				SWIFT_OPTIMIZATION_LEVEL = "-O";
				VALIDATE_PRODUCT = YES;
			};
			name = Release;
		};
		A5D40C4025078713009B728E /* Debug */ = {
			isa = XCBuildConfiguration;
			baseConfigurationReference = 40B0BA0A8437CBEE374A7084 /* Pods-Breaking-Bad-character-explorer.debug.xcconfig */;
			buildSettings = {
				ASSETCATALOG_COMPILER_APPICON_NAME = AppIcon;
				CODE_SIGN_STYLE = Automatic;
				DEVELOPMENT_ASSET_PATHS = "\"Breaking-Bad-character-explorer/Preview Content\"";
				ENABLE_PREVIEWS = YES;
				INFOPLIST_FILE = "Breaking-Bad-character-explorer/Info.plist";
				LD_RUNPATH_SEARCH_PATHS = (
					"$(inherited)",
					"@executable_path/Frameworks",
				);
				PRODUCT_BUNDLE_IDENTIFIER = "co.uk.andrea.Breaking-Bad-character-explorer";
				PRODUCT_NAME = "$(TARGET_NAME)";
				SWIFT_VERSION = 5.0;
				TARGETED_DEVICE_FAMILY = "1,2";
			};
			name = Debug;
		};
		A5D40C4125078713009B728E /* Release */ = {
			isa = XCBuildConfiguration;
			baseConfigurationReference = 3A093A288818DFEA0C90FD23 /* Pods-Breaking-Bad-character-explorer.release.xcconfig */;
			buildSettings = {
				ASSETCATALOG_COMPILER_APPICON_NAME = AppIcon;
				CODE_SIGN_STYLE = Automatic;
				DEVELOPMENT_ASSET_PATHS = "\"Breaking-Bad-character-explorer/Preview Content\"";
				ENABLE_PREVIEWS = YES;
				INFOPLIST_FILE = "Breaking-Bad-character-explorer/Info.plist";
				LD_RUNPATH_SEARCH_PATHS = (
					"$(inherited)",
					"@executable_path/Frameworks",
				);
				PRODUCT_BUNDLE_IDENTIFIER = "co.uk.andrea.Breaking-Bad-character-explorer";
				PRODUCT_NAME = "$(TARGET_NAME)";
				SWIFT_VERSION = 5.0;
				TARGETED_DEVICE_FAMILY = "1,2";
			};
			name = Release;
		};
/* End XCBuildConfiguration section */

/* Begin XCConfigurationList section */
		A5D40C2625078712009B728E /* Build configuration list for PBXProject "Breaking-Bad-character-explorer" */ = {
			isa = XCConfigurationList;
			buildConfigurations = (
				A5D40C3D25078713009B728E /* Debug */,
				A5D40C3E25078713009B728E /* Release */,
			);
			defaultConfigurationIsVisible = 0;
			defaultConfigurationName = Release;
		};
		A5D40C3F25078713009B728E /* Build configuration list for PBXNativeTarget "Breaking-Bad-character-explorer" */ = {
			isa = XCConfigurationList;
			buildConfigurations = (
				A5D40C4025078713009B728E /* Debug */,
				A5D40C4125078713009B728E /* Release */,
			);
			defaultConfigurationIsVisible = 0;
			defaultConfigurationName = Release;
		};
/* End XCConfigurationList section */
	};
	rootObject = A5D40C2325078712009B728E /* Project object */;
}
